github.com/gobkc/migration v1.1.6 h1:hL0eVAqgZAKSQKhE+s2kAzYmYQJx6IeW4ZlFg5ROZO4=
github.com/gobkc/migration v1.1.6/go.mod h1:s+b3gKikcuilIHZnSCTfH6gsJBOqxfl7Q7JMenxFTYk=
github.com/lib/pq v1.11.1 h1:wuChtj2hfsGmmx3nf1m7xC2XpK6OtelS2shMY+bGMtI=
github.com/lib/pq v1.11.1/go.mod h1:/p+8NSbOcwzAEI7wiMXFlgydTwcgTr3OSKMsD2BitpA=
