github.com/gobkc/migration v1.2.1 h1:K5opyhMvYaQzJvY1PRGvR2VGpRQqKvNKQQVZ6LFzUDY=
github.com/gobkc/migration v1.2.1/go.mod h1:s+b3gKikcuilIHZnSCTfH6gsJBOqxfl7Q7JMenxFTYk=
github.com/lib/pq v1.11.1 h1:wuChtj2hfsGmmx3nf1m7xC2XpK6OtelS2shMY+bGMtI=
github.com/lib/pq v1.11.1/go.mod h1:/p+8NSbOcwzAEI7wiMXFlgydTwcgTr3OSKMsD2BitpA=
